// !$*UTF8*$!
{
	archiveVersion = 1;
	classes = {
	};
	objectVersion = 55;
	objects = {

/* Begin PBXBuildFile section */
		9459CEE127552DBC0031E6F7 /* LegitGrailsApp.swift in Sources */ = {isa = PBXBuildFile; fileRef = 9459CEE027552DBC0031E6F7 /* LegitGrailsApp.swift */; };
		9459CEE327552DBC0031E6F7 /* SessionManagerView.swift in Sources */ = {isa = PBXBuildFile; fileRef = 9459CEE227552DBC0031E6F7 /* SessionManagerView.swift */; };
		9459CEE527552DBC0031E6F7 /* Assets.xcassets in Resources */ = {isa = PBXBuildFile; fileRef = 9459CEE427552DBC0031E6F7 /* Assets.xcassets */; };
		9459CEE827552DBC0031E6F7 /* Preview Assets.xcassets in Resources */ = {isa = PBXBuildFile; fileRef = 9459CEE727552DBC0031E6F7 /* Preview Assets.xcassets */; };
		9459CEF227552DBC0031E6F7 /* LegitGrailsTests.swift in Sources */ = {isa = PBXBuildFile; fileRef = 9459CEF127552DBC0031E6F7 /* LegitGrailsTests.swift */; };
		9459CEFC27552DBC0031E6F7 /* LegitGrailsUITests.swift in Sources */ = {isa = PBXBuildFile; fileRef = 9459CEFB27552DBC0031E6F7 /* LegitGrailsUITests.swift */; };
		9459CEFE27552DBC0031E6F7 /* LegitGrailsUITestsLaunchTests.swift in Sources */ = {isa = PBXBuildFile; fileRef = 9459CEFD27552DBC0031E6F7 /* LegitGrailsUITestsLaunchTests.swift */; };
		9459CF1027552E960031E6F7 /* SignUpView.swift in Sources */ = {isa = PBXBuildFile; fileRef = 9459CF0F27552E960031E6F7 /* SignUpView.swift */; };
		9459CF1227552E9C0031E6F7 /* SignInView.swift in Sources */ = {isa = PBXBuildFile; fileRef = 9459CF1127552E9C0031E6F7 /* SignInView.swift */; };
		9459CF1427552EA60031E6F7 /* PasswordResetView.swift in Sources */ = {isa = PBXBuildFile; fileRef = 9459CF1327552EA60031E6F7 /* PasswordResetView.swift */; };
		9459CF1727552F570031E6F7 /* SignUpViewModel.swift in Sources */ = {isa = PBXBuildFile; fileRef = 9459CF1627552F570031E6F7 /* SignUpViewModel.swift */; };
		9459CF1B2755335B0031E6F7 /* LoginTextInput.swift in Sources */ = {isa = PBXBuildFile; fileRef = 9459CF1A2755335B0031E6F7 /* LoginTextInput.swift */; };
		9459CF1D275535B00031E6F7 /* LegitGrailsLogo.swift in Sources */ = {isa = PBXBuildFile; fileRef = 9459CF1C275535B00031E6F7 /* LegitGrailsLogo.swift */; };
		9459CF1F275535E20031E6F7 /* ToggleCheckbox.swift in Sources */ = {isa = PBXBuildFile; fileRef = 9459CF1E275535E20031E6F7 /* ToggleCheckbox.swift */; };
		9459CF2127553B470031E6F7 /* ConfirmButton.swift in Sources */ = {isa = PBXBuildFile; fileRef = 9459CF2027553B470031E6F7 /* ConfirmButton.swift */; };
		9459CF2427553C4A0031E6F7 /* UIScreenExtensions.swift in Sources */ = {isa = PBXBuildFile; fileRef = 9459CF2327553C4A0031E6F7 /* UIScreenExtensions.swift */; };
		9459CF26275540300031E6F7 /* SignInViewModel.swift in Sources */ = {isa = PBXBuildFile; fileRef = 9459CF25275540300031E6F7 /* SignInViewModel.swift */; };
		9459CF2A2755482F0031E6F7 /* PasswordResetViewModel.swift in Sources */ = {isa = PBXBuildFile; fileRef = 9459CF292755482F0031E6F7 /* PasswordResetViewModel.swift */; };
		9459CF2C27554E290031E6F7 /* SessionManagerObject.swift in Sources */ = {isa = PBXBuildFile; fileRef = 9459CF2B27554E290031E6F7 /* SessionManagerObject.swift */; };
		9459CF2E27555CE00031E6F7 /* AppTabView.swift in Sources */ = {isa = PBXBuildFile; fileRef = 9459CF2D27555CE00031E6F7 /* AppTabView.swift */; };
		9459CF3427556EBA0031E6F7 /* SPAlert in Frameworks */ = {isa = PBXBuildFile; productRef = 9459CF3327556EBA0031E6F7 /* SPAlert */; };
		9459CF36275584FD0031E6F7 /* LoginTextInputSecure.swift in Sources */ = {isa = PBXBuildFile; fileRef = 9459CF35275584FD0031E6F7 /* LoginTextInputSecure.swift */; };
		9459CF392755976B0031E6F7 /* Focuser in Frameworks */ = {isa = PBXBuildFile; productRef = 9459CF382755976B0031E6F7 /* Focuser */; };
		9459CF3C275597D10031E6F7 /* SignUpViewFormFields.swift in Sources */ = {isa = PBXBuildFile; fileRef = 9459CF3B275597D10031E6F7 /* SignUpViewFormFields.swift */; };
		9459CF3E27559A8D0031E6F7 /* ViewExtensions.swift in Sources */ = {isa = PBXBuildFile; fileRef = 9459CF3D27559A8D0031E6F7 /* ViewExtensions.swift */; };
		9459CF4027559C420031E6F7 /* SignInViewFormFields.swift in Sources */ = {isa = PBXBuildFile; fileRef = 9459CF3F27559C420031E6F7 /* SignInViewFormFields.swift */; };
		9459CF442755AB180031E6F7 /* AuthenticationDataRepository.swift in Sources */ = {isa = PBXBuildFile; fileRef = 9459CF432755AB180031E6F7 /* AuthenticationDataRepository.swift */; };
		9459CF462755AB850031E6F7 /* AuthenticationParameterError.swift in Sources */ = {isa = PBXBuildFile; fileRef = 9459CF452755AB850031E6F7 /* AuthenticationParameterError.swift */; };
		9459CF482755ACDD0031E6F7 /* SessionData.swift in Sources */ = {isa = PBXBuildFile; fileRef = 9459CF472755ACDD0031E6F7 /* SessionData.swift */; };
		9459CF4A2755AD0F0031E6F7 /* NetError.swift in Sources */ = {isa = PBXBuildFile; fileRef = 9459CF492755AD0F0031E6F7 /* NetError.swift */; };
		9459CF522755AEE50031E6F7 /* NetResponse.swift in Sources */ = {isa = PBXBuildFile; fileRef = 9459CF512755AEE50031E6F7 /* NetResponse.swift */; };
		9459CF572755AF550031E6F7 /* AuthenticationAPIService.swift in Sources */ = {isa = PBXBuildFile; fileRef = 9459CF562755AF550031E6F7 /* AuthenticationAPIService.swift */; };
		9459CF5B275626420031E6F7 /* DataVerificationResponse.swift in Sources */ = {isa = PBXBuildFile; fileRef = 9459CF5A275626420031E6F7 /* DataVerificationResponse.swift */; };
		9459CF5D275631440031E6F7 /* ActivityIndicator.swift in Sources */ = {isa = PBXBuildFile; fileRef = 9459CF5C275631440031E6F7 /* ActivityIndicator.swift */; };
		9459CF63275637FC0031E6F7 /* HomeView.swift in Sources */ = {isa = PBXBuildFile; fileRef = 9459CF62275637FC0031E6F7 /* HomeView.swift */; };
		9459CF65275638010031E6F7 /* SearchView.swift in Sources */ = {isa = PBXBuildFile; fileRef = 9459CF64275638010031E6F7 /* SearchView.swift */; };
		9459CF67275638070031E6F7 /* AuthenticateView.swift in Sources */ = {isa = PBXBuildFile; fileRef = 9459CF66275638070031E6F7 /* AuthenticateView.swift */; };
		9459CF692756380E0031E6F7 /* ProfileView.swift in Sources */ = {isa = PBXBuildFile; fileRef = 9459CF682756380E0031E6F7 /* ProfileView.swift */; };
		9459CF6C275638860031E6F7 /* AppTabViewModel.swift in Sources */ = {isa = PBXBuildFile; fileRef = 9459CF6B275638860031E6F7 /* AppTabViewModel.swift */; };
		9459CF70275647150031E6F7 /* HomeViewModel.swift in Sources */ = {isa = PBXBuildFile; fileRef = 9459CF6F275647150031E6F7 /* HomeViewModel.swift */; };
		9459CF7427564B060031E6F7 /* HomeLinks.swift in Sources */ = {isa = PBXBuildFile; fileRef = 9459CF7327564B060031E6F7 /* HomeLinks.swift */; };
		9459CF76275654860031E6F7 /* PostStackView.swift in Sources */ = {isa = PBXBuildFile; fileRef = 9459CF75275654860031E6F7 /* PostStackView.swift */; };
		9459CF782756548B0031E6F7 /* PostView.swift in Sources */ = {isa = PBXBuildFile; fileRef = 9459CF772756548B0031E6F7 /* PostView.swift */; };
		9459CF7A27565D1D0031E6F7 /* Post.swift in Sources */ = {isa = PBXBuildFile; fileRef = 9459CF7927565D1C0031E6F7 /* Post.swift */; };
		9459CF7C2756617C0031E6F7 /* PostStackViewModel.swift in Sources */ = {isa = PBXBuildFile; fileRef = 9459CF7B2756617C0031E6F7 /* PostStackViewModel.swift */; };
		9459CF7E275665030031E6F7 /* LinkButton.swift in Sources */ = {isa = PBXBuildFile; fileRef = 9459CF7D275665030031E6F7 /* LinkButton.swift */; };
		9459CF80275674670031E6F7 /* PostDataRepository.swift in Sources */ = {isa = PBXBuildFile; fileRef = 9459CF7F275674670031E6F7 /* PostDataRepository.swift */; };
		9459CF83275674F30031E6F7 /* PostAPIService.swift in Sources */ = {isa = PBXBuildFile; fileRef = 9459CF82275674F30031E6F7 /* PostAPIService.swift */; };
		9459CF8527568A4A0031E6F7 /* PostViewModel.swift in Sources */ = {isa = PBXBuildFile; fileRef = 9459CF8427568A4A0031E6F7 /* PostViewModel.swift */; };
		9459CF892756A6C00031E6F7 /* Reachability.swift in Sources */ = {isa = PBXBuildFile; fileRef = 9459CF882756A6C00031E6F7 /* Reachability.swift */; };
/* End PBXBuildFile section */

/* Begin PBXContainerItemProxy section */
		9459CEEE27552DBC0031E6F7 /* PBXContainerItemProxy */ = {
			isa = PBXContainerItemProxy;
			containerPortal = 9459CED527552DBC0031E6F7 /* Project object */;
			proxyType = 1;
			remoteGlobalIDString = 9459CEDC27552DBC0031E6F7;
			remoteInfo = LegitGrails;
		};
		9459CEF827552DBC0031E6F7 /* PBXContainerItemProxy */ = {
			isa = PBXContainerItemProxy;
			containerPortal = 9459CED527552DBC0031E6F7 /* Project object */;
			proxyType = 1;
			remoteGlobalIDString = 9459CEDC27552DBC0031E6F7;
			remoteInfo = LegitGrails;
		};
/* End PBXContainerItemProxy section */

/* Begin PBXFileReference section */
		9459CEDD27552DBC0031E6F7 /* LegitGrails.app */ = {isa = PBXFileReference; explicitFileType = wrapper.application; includeInIndex = 0; path = LegitGrails.app; sourceTree = BUILT_PRODUCTS_DIR; };
		9459CEE027552DBC0031E6F7 /* LegitGrailsApp.swift */ = {isa = PBXFileReference; lastKnownFileType = sourcecode.swift; path = LegitGrailsApp.swift; sourceTree = "<group>"; };
		9459CEE227552DBC0031E6F7 /* SessionManagerView.swift */ = {isa = PBXFileReference; lastKnownFileType = sourcecode.swift; path = SessionManagerView.swift; sourceTree = "<group>"; };
		9459CEE427552DBC0031E6F7 /* Assets.xcassets */ = {isa = PBXFileReference; lastKnownFileType = folder.assetcatalog; path = Assets.xcassets; sourceTree = "<group>"; };
		9459CEE727552DBC0031E6F7 /* Preview Assets.xcassets */ = {isa = PBXFileReference; lastKnownFileType = folder.assetcatalog; path = "Preview Assets.xcassets"; sourceTree = "<group>"; };
		9459CEED27552DBC0031E6F7 /* LegitGrailsTests.xctest */ = {isa = PBXFileReference; explicitFileType = wrapper.cfbundle; includeInIndex = 0; path = LegitGrailsTests.xctest; sourceTree = BUILT_PRODUCTS_DIR; };
		9459CEF127552DBC0031E6F7 /* LegitGrailsTests.swift */ = {isa = PBXFileReference; lastKnownFileType = sourcecode.swift; path = LegitGrailsTests.swift; sourceTree = "<group>"; };
		9459CEF727552DBC0031E6F7 /* LegitGrailsUITests.xctest */ = {isa = PBXFileReference; explicitFileType = wrapper.cfbundle; includeInIndex = 0; path = LegitGrailsUITests.xctest; sourceTree = BUILT_PRODUCTS_DIR; };
		9459CEFB27552DBC0031E6F7 /* LegitGrailsUITests.swift */ = {isa = PBXFileReference; lastKnownFileType = sourcecode.swift; path = LegitGrailsUITests.swift; sourceTree = "<group>"; };
		9459CEFD27552DBC0031E6F7 /* LegitGrailsUITestsLaunchTests.swift */ = {isa = PBXFileReference; lastKnownFileType = sourcecode.swift; path = LegitGrailsUITestsLaunchTests.swift; sourceTree = "<group>"; };
		9459CF0F27552E960031E6F7 /* SignUpView.swift */ = {isa = PBXFileReference; lastKnownFileType = sourcecode.swift; path = SignUpView.swift; sourceTree = "<group>"; };
		9459CF1127552E9C0031E6F7 /* SignInView.swift */ = {isa = PBXFileReference; lastKnownFileType = sourcecode.swift; path = SignInView.swift; sourceTree = "<group>"; };
		9459CF1327552EA60031E6F7 /* PasswordResetView.swift */ = {isa = PBXFileReference; lastKnownFileType = sourcecode.swift; path = PasswordResetView.swift; sourceTree = "<group>"; };
		9459CF1627552F570031E6F7 /* SignUpViewModel.swift */ = {isa = PBXFileReference; lastKnownFileType = sourcecode.swift; path = SignUpViewModel.swift; sourceTree = "<group>"; };
		9459CF1A2755335B0031E6F7 /* LoginTextInput.swift */ = {isa = PBXFileReference; lastKnownFileType = sourcecode.swift; path = LoginTextInput.swift; sourceTree = "<group>"; };
		9459CF1C275535B00031E6F7 /* LegitGrailsLogo.swift */ = {isa = PBXFileReference; lastKnownFileType = sourcecode.swift; path = LegitGrailsLogo.swift; sourceTree = "<group>"; };
		9459CF1E275535E20031E6F7 /* ToggleCheckbox.swift */ = {isa = PBXFileReference; lastKnownFileType = sourcecode.swift; path = ToggleCheckbox.swift; sourceTree = "<group>"; };
		9459CF2027553B470031E6F7 /* ConfirmButton.swift */ = {isa = PBXFileReference; lastKnownFileType = sourcecode.swift; path = ConfirmButton.swift; sourceTree = "<group>"; };
		9459CF2327553C4A0031E6F7 /* UIScreenExtensions.swift */ = {isa = PBXFileReference; lastKnownFileType = sourcecode.swift; path = UIScreenExtensions.swift; sourceTree = "<group>"; };
		9459CF25275540300031E6F7 /* SignInViewModel.swift */ = {isa = PBXFileReference; lastKnownFileType = sourcecode.swift; path = SignInViewModel.swift; sourceTree = "<group>"; };
		9459CF292755482F0031E6F7 /* PasswordResetViewModel.swift */ = {isa = PBXFileReference; lastKnownFileType = sourcecode.swift; path = PasswordResetViewModel.swift; sourceTree = "<group>"; };
		9459CF2B27554E290031E6F7 /* SessionManagerObject.swift */ = {isa = PBXFileReference; lastKnownFileType = sourcecode.swift; path = SessionManagerObject.swift; sourceTree = "<group>"; };
		9459CF2D27555CE00031E6F7 /* AppTabView.swift */ = {isa = PBXFileReference; lastKnownFileType = sourcecode.swift; path = AppTabView.swift; sourceTree = "<group>"; };
		9459CF35275584FD0031E6F7 /* LoginTextInputSecure.swift */ = {isa = PBXFileReference; lastKnownFileType = sourcecode.swift; path = LoginTextInputSecure.swift; sourceTree = "<group>"; };
		9459CF3B275597D10031E6F7 /* SignUpViewFormFields.swift */ = {isa = PBXFileReference; lastKnownFileType = sourcecode.swift; path = SignUpViewFormFields.swift; sourceTree = "<group>"; };
		9459CF3D27559A8D0031E6F7 /* ViewExtensions.swift */ = {isa = PBXFileReference; lastKnownFileType = sourcecode.swift; path = ViewExtensions.swift; sourceTree = "<group>"; };
		9459CF3F27559C420031E6F7 /* SignInViewFormFields.swift */ = {isa = PBXFileReference; lastKnownFileType = sourcecode.swift; path = SignInViewFormFields.swift; sourceTree = "<group>"; };
		9459CF432755AB180031E6F7 /* AuthenticationDataRepository.swift */ = {isa = PBXFileReference; lastKnownFileType = sourcecode.swift; path = AuthenticationDataRepository.swift; sourceTree = "<group>"; };
		9459CF452755AB850031E6F7 /* AuthenticationParameterError.swift */ = {isa = PBXFileReference; lastKnownFileType = sourcecode.swift; path = AuthenticationParameterError.swift; sourceTree = "<group>"; };
		9459CF472755ACDD0031E6F7 /* SessionData.swift */ = {isa = PBXFileReference; lastKnownFileType = sourcecode.swift; path = SessionData.swift; sourceTree = "<group>"; };
		9459CF492755AD0F0031E6F7 /* NetError.swift */ = {isa = PBXFileReference; lastKnownFileType = sourcecode.swift; path = NetError.swift; sourceTree = "<group>"; };
		9459CF512755AEE50031E6F7 /* NetResponse.swift */ = {isa = PBXFileReference; lastKnownFileType = sourcecode.swift; path = NetResponse.swift; sourceTree = "<group>"; };
		9459CF562755AF550031E6F7 /* AuthenticationAPIService.swift */ = {isa = PBXFileReference; lastKnownFileType = sourcecode.swift; path = AuthenticationAPIService.swift; sourceTree = "<group>"; };
		9459CF5A275626420031E6F7 /* DataVerificationResponse.swift */ = {isa = PBXFileReference; lastKnownFileType = sourcecode.swift; path = DataVerificationResponse.swift; sourceTree = "<group>"; };
		9459CF5C275631440031E6F7 /* ActivityIndicator.swift */ = {isa = PBXFileReference; lastKnownFileType = sourcecode.swift; path = ActivityIndicator.swift; sourceTree = "<group>"; };
		9459CF62275637FC0031E6F7 /* HomeView.swift */ = {isa = PBXFileReference; lastKnownFileType = sourcecode.swift; path = HomeView.swift; sourceTree = "<group>"; };
		9459CF64275638010031E6F7 /* SearchView.swift */ = {isa = PBXFileReference; lastKnownFileType = sourcecode.swift; path = SearchView.swift; sourceTree = "<group>"; };
		9459CF66275638070031E6F7 /* AuthenticateView.swift */ = {isa = PBXFileReference; lastKnownFileType = sourcecode.swift; path = AuthenticateView.swift; sourceTree = "<group>"; };
		9459CF682756380E0031E6F7 /* ProfileView.swift */ = {isa = PBXFileReference; lastKnownFileType = sourcecode.swift; path = ProfileView.swift; sourceTree = "<group>"; };
		9459CF6B275638860031E6F7 /* AppTabViewModel.swift */ = {isa = PBXFileReference; lastKnownFileType = sourcecode.swift; path = AppTabViewModel.swift; sourceTree = "<group>"; };
		9459CF6F275647150031E6F7 /* HomeViewModel.swift */ = {isa = PBXFileReference; lastKnownFileType = sourcecode.swift; path = HomeViewModel.swift; sourceTree = "<group>"; };
		9459CF7327564B060031E6F7 /* HomeLinks.swift */ = {isa = PBXFileReference; lastKnownFileType = sourcecode.swift; path = HomeLinks.swift; sourceTree = "<group>"; };
		9459CF75275654860031E6F7 /* PostStackView.swift */ = {isa = PBXFileReference; lastKnownFileType = sourcecode.swift; path = PostStackView.swift; sourceTree = "<group>"; };
		9459CF772756548B0031E6F7 /* PostView.swift */ = {isa = PBXFileReference; lastKnownFileType = sourcecode.swift; path = PostView.swift; sourceTree = "<group>"; };
		9459CF7927565D1C0031E6F7 /* Post.swift */ = {isa = PBXFileReference; lastKnownFileType = sourcecode.swift; path = Post.swift; sourceTree = "<group>"; };
		9459CF7B2756617C0031E6F7 /* PostStackViewModel.swift */ = {isa = PBXFileReference; lastKnownFileType = sourcecode.swift; path = PostStackViewModel.swift; sourceTree = "<group>"; };
		9459CF7D275665030031E6F7 /* LinkButton.swift */ = {isa = PBXFileReference; lastKnownFileType = sourcecode.swift; path = LinkButton.swift; sourceTree = "<group>"; };
		9459CF7F275674670031E6F7 /* PostDataRepository.swift */ = {isa = PBXFileReference; lastKnownFileType = sourcecode.swift; path = PostDataRepository.swift; sourceTree = "<group>"; };
		9459CF82275674F30031E6F7 /* PostAPIService.swift */ = {isa = PBXFileReference; lastKnownFileType = sourcecode.swift; path = PostAPIService.swift; sourceTree = "<group>"; };
		9459CF8427568A4A0031E6F7 /* PostViewModel.swift */ = {isa = PBXFileReference; lastKnownFileType = sourcecode.swift; path = PostViewModel.swift; sourceTree = "<group>"; };
		9459CF882756A6C00031E6F7 /* Reachability.swift */ = {isa = PBXFileReference; lastKnownFileType = sourcecode.swift; path = Reachability.swift; sourceTree = "<group>"; };
/* End PBXFileReference section */

/* Begin PBXFrameworksBuildPhase section */
		9459CEDA27552DBC0031E6F7 /* Frameworks */ = {
			isa = PBXFrameworksBuildPhase;
			buildActionMask = 2147483647;
			files = (
				9459CF392755976B0031E6F7 /* Focuser in Frameworks */,
				9459CF3427556EBA0031E6F7 /* SPAlert in Frameworks */,
			);
			runOnlyForDeploymentPostprocessing = 0;
		};
		9459CEEA27552DBC0031E6F7 /* Frameworks */ = {
			isa = PBXFrameworksBuildPhase;
			buildActionMask = 2147483647;
			files = (
			);
			runOnlyForDeploymentPostprocessing = 0;
		};
		9459CEF427552DBC0031E6F7 /* Frameworks */ = {
			isa = PBXFrameworksBuildPhase;
			buildActionMask = 2147483647;
			files = (
			);
			runOnlyForDeploymentPostprocessing = 0;
		};
/* End PBXFrameworksBuildPhase section */

/* Begin PBXGroup section */
		9459CED427552DBC0031E6F7 = {
			isa = PBXGroup;
			children = (
				9459CEDF27552DBC0031E6F7 /* LegitGrails */,
				9459CEF027552DBC0031E6F7 /* LegitGrailsTests */,
				9459CEFA27552DBC0031E6F7 /* LegitGrailsUITests */,
				9459CEDE27552DBC0031E6F7 /* Products */,
			);
			sourceTree = "<group>";
		};
		9459CEDE27552DBC0031E6F7 /* Products */ = {
			isa = PBXGroup;
			children = (
				9459CEDD27552DBC0031E6F7 /* LegitGrails.app */,
				9459CEED27552DBC0031E6F7 /* LegitGrailsTests.xctest */,
				9459CEF727552DBC0031E6F7 /* LegitGrailsUITests.xctest */,
			);
			name = Products;
			sourceTree = "<group>";
		};
		9459CEDF27552DBC0031E6F7 /* LegitGrails */ = {
			isa = PBXGroup;
			children = (
				9459CEE027552DBC0031E6F7 /* LegitGrailsApp.swift */,
				9459CF2227553C290031E6F7 /* Extensions */,
				9459CF0B27552DCF0031E6F7 /* View */,
				9459CF0C27552DD30031E6F7 /* ViewModel */,
				9459CF0A27552DCB0031E6F7 /* Model */,
				9459CEE427552DBC0031E6F7 /* Assets.xcassets */,
				9459CEE627552DBC0031E6F7 /* Preview Content */,
			);
			path = LegitGrails;
			sourceTree = "<group>";
		};
		9459CEE627552DBC0031E6F7 /* Preview Content */ = {
			isa = PBXGroup;
			children = (
				9459CEE727552DBC0031E6F7 /* Preview Assets.xcassets */,
			);
			path = "Preview Content";
			sourceTree = "<group>";
		};
		9459CEF027552DBC0031E6F7 /* LegitGrailsTests */ = {
			isa = PBXGroup;
			children = (
				9459CEF127552DBC0031E6F7 /* LegitGrailsTests.swift */,
			);
			path = LegitGrailsTests;
			sourceTree = "<group>";
		};
		9459CEFA27552DBC0031E6F7 /* LegitGrailsUITests */ = {
			isa = PBXGroup;
			children = (
				9459CEFB27552DBC0031E6F7 /* LegitGrailsUITests.swift */,
				9459CEFD27552DBC0031E6F7 /* LegitGrailsUITestsLaunchTests.swift */,
			);
			path = LegitGrailsUITests;
			sourceTree = "<group>";
		};
		9459CF0A27552DCB0031E6F7 /* Model */ = {
			isa = PBXGroup;
			children = (
				9459CF532755AF1D0031E6F7 /* Services */,
				9459CF4D2755AD8A0031E6F7 /* Repositories */,
				9459CF4C2755AD820031E6F7 /* Models */,
				9459CF502755AED50031E6F7 /* Responses */,
				9459CF4B2755AD6B0031E6F7 /* Errors */,
			);
			path = Model;
			sourceTree = "<group>";
		};
		9459CF0B27552DCF0031E6F7 /* View */ = {
			isa = PBXGroup;
			children = (
				9459CEE227552DBC0031E6F7 /* SessionManagerView.swift */,
				9459CF1527552EAB0031E6F7 /* LoginView */,
				9459CF2F27555CE90031E6F7 /* TabView */,
			);
			path = View;
			sourceTree = "<group>";
		};
		9459CF0C27552DD30031E6F7 /* ViewModel */ = {
			isa = PBXGroup;
			children = (
				9459CF2B27554E290031E6F7 /* SessionManagerObject.swift */,
				9459CF1827552F630031E6F7 /* LoginView */,
				9459CF6A2756386B0031E6F7 /* TabView */,
			);
			path = ViewModel;
			sourceTree = "<group>";
		};
		9459CF1527552EAB0031E6F7 /* LoginView */ = {
			isa = PBXGroup;
			children = (
				9459CF0F27552E960031E6F7 /* SignUpView.swift */,
				9459CF1127552E9C0031E6F7 /* SignInView.swift */,
				9459CF1327552EA60031E6F7 /* PasswordResetView.swift */,
				9459CF3A275597BC0031E6F7 /* FormFields */,
				9459CF192755333B0031E6F7 /* Helpers */,
			);
			path = LoginView;
			sourceTree = "<group>";
		};
		9459CF1827552F630031E6F7 /* LoginView */ = {
			isa = PBXGroup;
			children = (
				9459CF1627552F570031E6F7 /* SignUpViewModel.swift */,
				9459CF292755482F0031E6F7 /* PasswordResetViewModel.swift */,
				9459CF25275540300031E6F7 /* SignInViewModel.swift */,
			);
			path = LoginView;
			sourceTree = "<group>";
		};
		9459CF192755333B0031E6F7 /* Helpers */ = {
			isa = PBXGroup;
			children = (
				9459CF1A2755335B0031E6F7 /* LoginTextInput.swift */,
				9459CF35275584FD0031E6F7 /* LoginTextInputSecure.swift */,
				9459CF5C275631440031E6F7 /* ActivityIndicator.swift */,
				9459CF1C275535B00031E6F7 /* LegitGrailsLogo.swift */,
				9459CF2027553B470031E6F7 /* ConfirmButton.swift */,
				9459CF1E275535E20031E6F7 /* ToggleCheckbox.swift */,
			);
			path = Helpers;
			sourceTree = "<group>";
		};
		9459CF2227553C290031E6F7 /* Extensions */ = {
			isa = PBXGroup;
			children = (
				9459CF2327553C4A0031E6F7 /* UIScreenExtensions.swift */,
				9459CF3D27559A8D0031E6F7 /* ViewExtensions.swift */,
			);
			path = Extensions;
			sourceTree = "<group>";
		};
		9459CF2F27555CE90031E6F7 /* TabView */ = {
			isa = PBXGroup;
			children = (
				9459CF2D27555CE00031E6F7 /* AppTabView.swift */,
				9459CF6D27563B320031E6F7 /* ChildViews */,
			);
			path = TabView;
			sourceTree = "<group>";
		};
		9459CF3A275597BC0031E6F7 /* FormFields */ = {
			isa = PBXGroup;
			children = (
				9459CF3B275597D10031E6F7 /* SignUpViewFormFields.swift */,
				9459CF3F27559C420031E6F7 /* SignInViewFormFields.swift */,
			);
			path = FormFields;
			sourceTree = "<group>";
		};
		9459CF4B2755AD6B0031E6F7 /* Errors */ = {
			isa = PBXGroup;
			children = (
				9459CF452755AB850031E6F7 /* AuthenticationParameterError.swift */,
				9459CF492755AD0F0031E6F7 /* NetError.swift */,
				9459CF5A275626420031E6F7 /* DataVerificationResponse.swift */,
			);
			path = Errors;
			sourceTree = "<group>";
		};
		9459CF4C2755AD820031E6F7 /* Models */ = {
			isa = PBXGroup;
			children = (
				9459CF472755ACDD0031E6F7 /* SessionData.swift */,
				9459CF7927565D1C0031E6F7 /* Post.swift */,
			);
			path = Models;
			sourceTree = "<group>";
		};
		9459CF4D2755AD8A0031E6F7 /* Repositories */ = {
			isa = PBXGroup;
			children = (
				9459CF812756746C0031E6F7 /* HomeView */,
				9459CF59275622910031E6F7 /* Authentication */,
			);
			path = Repositories;
			sourceTree = "<group>";
		};
		9459CF502755AED50031E6F7 /* Responses */ = {
			isa = PBXGroup;
			children = (
				9459CF512755AEE50031E6F7 /* NetResponse.swift */,
			);
			path = Responses;
			sourceTree = "<group>";
		};
		9459CF532755AF1D0031E6F7 /* Services */ = {
			isa = PBXGroup;
			children = (
				9459CF872756A6B10031E6F7 /* Reachability */,
				9459CF58275622820031E6F7 /* Authentication */,
			);
			path = Services;
			sourceTree = "<group>";
		};
		9459CF58275622820031E6F7 /* Authentication */ = {
			isa = PBXGroup;
			children = (
				9459CF562755AF550031E6F7 /* AuthenticationAPIService.swift */,
				9459CF82275674F30031E6F7 /* PostAPIService.swift */,
			);
			path = Authentication;
			sourceTree = "<group>";
		};
		9459CF59275622910031E6F7 /* Authentication */ = {
			isa = PBXGroup;
			children = (
				9459CF432755AB180031E6F7 /* AuthenticationDataRepository.swift */,
			);
			path = Authentication;
			sourceTree = "<group>";
		};
		9459CF6A2756386B0031E6F7 /* TabView */ = {
			isa = PBXGroup;
			children = (
				9459CF6B275638860031E6F7 /* AppTabViewModel.swift */,
				9459CF6E27563BFA0031E6F7 /* ChildViews */,
			);
			path = TabView;
			sourceTree = "<group>";
		};
		9459CF6D27563B320031E6F7 /* ChildViews */ = {
			isa = PBXGroup;
			children = (
				9459CF7127564A980031E6F7 /* HomeView */,
				9459CF64275638010031E6F7 /* SearchView.swift */,
				9459CF66275638070031E6F7 /* AuthenticateView.swift */,
				9459CF682756380E0031E6F7 /* ProfileView.swift */,
			);
			path = ChildViews;
			sourceTree = "<group>";
		};
		9459CF6E27563BFA0031E6F7 /* ChildViews */ = {
			isa = PBXGroup;
			children = (
				9459CF6F275647150031E6F7 /* HomeViewModel.swift */,
				9459CF8627568E690031E6F7 /* Helpers */,
			);
			path = ChildViews;
			sourceTree = "<group>";
		};
		9459CF7127564A980031E6F7 /* HomeView */ = {
			isa = PBXGroup;
			children = (
				9459CF62275637FC0031E6F7 /* HomeView.swift */,
				9459CF7227564AA50031E6F7 /* Helpers */,
			);
			path = HomeView;
			sourceTree = "<group>";
		};
		9459CF7227564AA50031E6F7 /* Helpers */ = {
			isa = PBXGroup;
			children = (
				9459CF7327564B060031E6F7 /* HomeLinks.swift */,
				9459CF7D275665030031E6F7 /* LinkButton.swift */,
				9459CF75275654860031E6F7 /* PostStackView.swift */,
				9459CF772756548B0031E6F7 /* PostView.swift */,
			);
			path = Helpers;
			sourceTree = "<group>";
		};
		9459CF812756746C0031E6F7 /* HomeView */ = {
			isa = PBXGroup;
			children = (
				9459CF7F275674670031E6F7 /* PostDataRepository.swift */,
			);
			path = HomeView;
			sourceTree = "<group>";
		};
		9459CF8627568E690031E6F7 /* Helpers */ = {
			isa = PBXGroup;
			children = (
				9459CF7B2756617C0031E6F7 /* PostStackViewModel.swift */,
				9459CF8427568A4A0031E6F7 /* PostViewModel.swift */,
			);
			path = Helpers;
			sourceTree = "<group>";
		};
		9459CF872756A6B10031E6F7 /* Reachability */ = {
			isa = PBXGroup;
			children = (
				9459CF882756A6C00031E6F7 /* Reachability.swift */,
			);
			path = Reachability;
			sourceTree = "<group>";
		};
/* End PBXGroup section */

/* Begin PBXNativeTarget section */
		9459CEDC27552DBC0031E6F7 /* LegitGrails */ = {
			isa = PBXNativeTarget;
			buildConfigurationList = 9459CF0127552DBC0031E6F7 /* Build configuration list for PBXNativeTarget "LegitGrails" */;
			buildPhases = (
				9459CED927552DBC0031E6F7 /* Sources */,
				9459CEDA27552DBC0031E6F7 /* Frameworks */,
				9459CEDB27552DBC0031E6F7 /* Resources */,
			);
			buildRules = (
			);
			dependencies = (
			);
			name = LegitGrails;
			packageProductDependencies = (
				9459CF3327556EBA0031E6F7 /* SPAlert */,
				9459CF382755976B0031E6F7 /* Focuser */,
			);
			productName = LegitGrails;
			productReference = 9459CEDD27552DBC0031E6F7 /* LegitGrails.app */;
			productType = "com.apple.product-type.application";
		};
		9459CEEC27552DBC0031E6F7 /* LegitGrailsTests */ = {
			isa = PBXNativeTarget;
			buildConfigurationList = 9459CF0427552DBC0031E6F7 /* Build configuration list for PBXNativeTarget "LegitGrailsTests" */;
			buildPhases = (
				9459CEE927552DBC0031E6F7 /* Sources */,
				9459CEEA27552DBC0031E6F7 /* Frameworks */,
				9459CEEB27552DBC0031E6F7 /* Resources */,
			);
			buildRules = (
			);
			dependencies = (
				9459CEEF27552DBC0031E6F7 /* PBXTargetDependency */,
			);
			name = LegitGrailsTests;
			productName = LegitGrailsTests;
			productReference = 9459CEED27552DBC0031E6F7 /* LegitGrailsTests.xctest */;
			productType = "com.apple.product-type.bundle.unit-test";
		};
		9459CEF627552DBC0031E6F7 /* LegitGrailsUITests */ = {
			isa = PBXNativeTarget;
			buildConfigurationList = 9459CF0727552DBC0031E6F7 /* Build configuration list for PBXNativeTarget "LegitGrailsUITests" */;
			buildPhases = (
				9459CEF327552DBC0031E6F7 /* Sources */,
				9459CEF427552DBC0031E6F7 /* Frameworks */,
				9459CEF527552DBC0031E6F7 /* Resources */,
			);
			buildRules = (
			);
			dependencies = (
				9459CEF927552DBC0031E6F7 /* PBXTargetDependency */,
			);
			name = LegitGrailsUITests;
			productName = LegitGrailsUITests;
			productReference = 9459CEF727552DBC0031E6F7 /* LegitGrailsUITests.xctest */;
			productType = "com.apple.product-type.bundle.ui-testing";
		};
/* End PBXNativeTarget section */

/* Begin PBXProject section */
		9459CED527552DBC0031E6F7 /* Project object */ = {
			isa = PBXProject;
			attributes = {
				BuildIndependentTargetsInParallel = 1;
				LastSwiftUpdateCheck = 1300;
				LastUpgradeCheck = 1300;
				TargetAttributes = {
					9459CEDC27552DBC0031E6F7 = {
						CreatedOnToolsVersion = 13.0;
					};
					9459CEEC27552DBC0031E6F7 = {
						CreatedOnToolsVersion = 13.0;
						TestTargetID = 9459CEDC27552DBC0031E6F7;
					};
					9459CEF627552DBC0031E6F7 = {
						CreatedOnToolsVersion = 13.0;
						TestTargetID = 9459CEDC27552DBC0031E6F7;
					};
				};
			};
			buildConfigurationList = 9459CED827552DBC0031E6F7 /* Build configuration list for PBXProject "LegitGrails" */;
			compatibilityVersion = "Xcode 13.0";
			developmentRegion = en;
			hasScannedForEncodings = 0;
			knownRegions = (
				en,
				Base,
			);
			mainGroup = 9459CED427552DBC0031E6F7;
			packageReferences = (
				9459CF3227556EBA0031E6F7 /* XCRemoteSwiftPackageReference "SPAlert" */,
				9459CF372755976B0031E6F7 /* XCRemoteSwiftPackageReference "swift-focuser" */,
			);
			productRefGroup = 9459CEDE27552DBC0031E6F7 /* Products */;
			projectDirPath = "";
			projectRoot = "";
			targets = (
				9459CEDC27552DBC0031E6F7 /* LegitGrails */,
				9459CEEC27552DBC0031E6F7 /* LegitGrailsTests */,
				9459CEF627552DBC0031E6F7 /* LegitGrailsUITests */,
			);
		};
/* End PBXProject section */

/* Begin PBXResourcesBuildPhase section */
		9459CEDB27552DBC0031E6F7 /* Resources */ = {
			isa = PBXResourcesBuildPhase;
			buildActionMask = 2147483647;
			files = (
				9459CEE827552DBC0031E6F7 /* Preview Assets.xcassets in Resources */,
				9459CEE527552DBC0031E6F7 /* Assets.xcassets in Resources */,
			);
			runOnlyForDeploymentPostprocessing = 0;
		};
		9459CEEB27552DBC0031E6F7 /* Resources */ = {
			isa = PBXResourcesBuildPhase;
			buildActionMask = 2147483647;
			files = (
			);
			runOnlyForDeploymentPostprocessing = 0;
		};
		9459CEF527552DBC0031E6F7 /* Resources */ = {
			isa = PBXResourcesBuildPhase;
			buildActionMask = 2147483647;
			files = (
			);
			runOnlyForDeploymentPostprocessing = 0;
		};
/* End PBXResourcesBuildPhase section */

/* Begin PBXSourcesBuildPhase section */
		9459CED927552DBC0031E6F7 /* Sources */ = {
			isa = PBXSourcesBuildPhase;
			buildActionMask = 2147483647;
			files = (
				9459CF482755ACDD0031E6F7 /* SessionData.swift in Sources */,
				9459CF70275647150031E6F7 /* HomeViewModel.swift in Sources */,
				9459CF63275637FC0031E6F7 /* HomeView.swift in Sources */,
				9459CF5B275626420031E6F7 /* DataVerificationResponse.swift in Sources */,
				9459CF892756A6C00031E6F7 /* Reachability.swift in Sources */,
				9459CF65275638010031E6F7 /* SearchView.swift in Sources */,
				9459CF1D275535B00031E6F7 /* LegitGrailsLogo.swift in Sources */,
				9459CF522755AEE50031E6F7 /* NetResponse.swift in Sources */,
				9459CF36275584FD0031E6F7 /* LoginTextInputSecure.swift in Sources */,
				9459CF2427553C4A0031E6F7 /* UIScreenExtensions.swift in Sources */,
				9459CEE327552DBC0031E6F7 /* SessionManagerView.swift in Sources */,
				9459CF2E27555CE00031E6F7 /* AppTabView.swift in Sources */,
				9459CF2C27554E290031E6F7 /* SessionManagerObject.swift in Sources */,
				9459CF462755AB850031E6F7 /* AuthenticationParameterError.swift in Sources */,
				9459CF7A27565D1D0031E6F7 /* Post.swift in Sources */,
				9459CF1427552EA60031E6F7 /* PasswordResetView.swift in Sources */,
				9459CF1F275535E20031E6F7 /* ToggleCheckbox.swift in Sources */,
				9459CF83275674F30031E6F7 /* PostAPIService.swift in Sources */,
				9459CF1027552E960031E6F7 /* SignUpView.swift in Sources */,
				9459CF572755AF550031E6F7 /* AuthenticationAPIService.swift in Sources */,
				9459CF1227552E9C0031E6F7 /* SignInView.swift in Sources */,
				9459CF442755AB180031E6F7 /* AuthenticationDataRepository.swift in Sources */,
				9459CF692756380E0031E6F7 /* ProfileView.swift in Sources */,
				9459CF5D275631440031E6F7 /* ActivityIndicator.swift in Sources */,
				9459CF6C275638860031E6F7 /* AppTabViewModel.swift in Sources */,
				9459CF4A2755AD0F0031E6F7 /* NetError.swift in Sources */,
				9459CF2A2755482F0031E6F7 /* PasswordResetViewModel.swift in Sources */,
				9459CF3E27559A8D0031E6F7 /* ViewExtensions.swift in Sources */,
				9459CF1727552F570031E6F7 /* SignUpViewModel.swift in Sources */,
				9459CF7E275665030031E6F7 /* LinkButton.swift in Sources */,
				9459CF7427564B060031E6F7 /* HomeLinks.swift in Sources */,
				9459CF67275638070031E6F7 /* AuthenticateView.swift in Sources */,
				9459CF26275540300031E6F7 /* SignInViewModel.swift in Sources */,
				9459CF3C275597D10031E6F7 /* SignUpViewFormFields.swift in Sources */,
				9459CF1B2755335B0031E6F7 /* LoginTextInput.swift in Sources */,
				9459CF76275654860031E6F7 /* PostStackView.swift in Sources */,
				9459CF2127553B470031E6F7 /* ConfirmButton.swift in Sources */,
				9459CF8527568A4A0031E6F7 /* PostViewModel.swift in Sources */,
				9459CF80275674670031E6F7 /* PostDataRepository.swift in Sources */,
				9459CEE127552DBC0031E6F7 /* LegitGrailsApp.swift in Sources */,
				9459CF782756548B0031E6F7 /* PostView.swift in Sources */,
				9459CF4027559C420031E6F7 /* SignInViewFormFields.swift in Sources */,
				9459CF7C2756617C0031E6F7 /* PostStackViewModel.swift in Sources */,
			);
			runOnlyForDeploymentPostprocessing = 0;
		};
		9459CEE927552DBC0031E6F7 /* Sources */ = {
			isa = PBXSourcesBuildPhase;
			buildActionMask = 2147483647;
			files = (
				9459CEF227552DBC0031E6F7 /* LegitGrailsTests.swift in Sources */,
			);
			runOnlyForDeploymentPostprocessing = 0;
		};
		9459CEF327552DBC0031E6F7 /* Sources */ = {
			isa = PBXSourcesBuildPhase;
			buildActionMask = 2147483647;
			files = (
				9459CEFE27552DBC0031E6F7 /* LegitGrailsUITestsLaunchTests.swift in Sources */,
				9459CEFC27552DBC0031E6F7 /* LegitGrailsUITests.swift in Sources */,
			);
			runOnlyForDeploymentPostprocessing = 0;
		};
/* End PBXSourcesBuildPhase section */

/* Begin PBXTargetDependency section */
		9459CEEF27552DBC0031E6F7 /* PBXTargetDependency */ = {
			isa = PBXTargetDependency;
			target = 9459CEDC27552DBC0031E6F7 /* LegitGrails */;
			targetProxy = 9459CEEE27552DBC0031E6F7 /* PBXContainerItemProxy */;
		};
		9459CEF927552DBC0031E6F7 /* PBXTargetDependency */ = {
			isa = PBXTargetDependency;
			target = 9459CEDC27552DBC0031E6F7 /* LegitGrails */;
			targetProxy = 9459CEF827552DBC0031E6F7 /* PBXContainerItemProxy */;
		};
/* End PBXTargetDependency section */

/* Begin XCBuildConfiguration section */
		9459CEFF27552DBC0031E6F7 /* Debug */ = {
			isa = XCBuildConfiguration;
			buildSettings = {
				ALWAYS_SEARCH_USER_PATHS = NO;
				CLANG_ANALYZER_NONNULL = YES;
				CLANG_ANALYZER_NUMBER_OBJECT_CONVERSION = YES_AGGRESSIVE;
				CLANG_CXX_LANGUAGE_STANDARD = "gnu++17";
				CLANG_CXX_LIBRARY = "libc++";
				CLANG_ENABLE_MODULES = YES;
				CLANG_ENABLE_OBJC_ARC = YES;
				CLANG_ENABLE_OBJC_WEAK = YES;
				CLANG_WARN_BLOCK_CAPTURE_AUTORELEASING = YES;
				CLANG_WARN_BOOL_CONVERSION = YES;
				CLANG_WARN_COMMA = YES;
				CLANG_WARN_CONSTANT_CONVERSION = YES;
				CLANG_WARN_DEPRECATED_OBJC_IMPLEMENTATIONS = YES;
				CLANG_WARN_DIRECT_OBJC_ISA_USAGE = YES_ERROR;
				CLANG_WARN_DOCUMENTATION_COMMENTS = YES;
				CLANG_WARN_EMPTY_BODY = YES;
				CLANG_WARN_ENUM_CONVERSION = YES;
				CLANG_WARN_INFINITE_RECURSION = YES;
				CLANG_WARN_INT_CONVERSION = YES;
				CLANG_WARN_NON_LITERAL_NULL_CONVERSION = YES;
				CLANG_WARN_OBJC_IMPLICIT_RETAIN_SELF = YES;
				CLANG_WARN_OBJC_LITERAL_CONVERSION = YES;
				CLANG_WARN_OBJC_ROOT_CLASS = YES_ERROR;
				CLANG_WARN_QUOTED_INCLUDE_IN_FRAMEWORK_HEADER = YES;
				CLANG_WARN_RANGE_LOOP_ANALYSIS = YES;
				CLANG_WARN_STRICT_PROTOTYPES = YES;
				CLANG_WARN_SUSPICIOUS_MOVE = YES;
				CLANG_WARN_UNGUARDED_AVAILABILITY = YES_AGGRESSIVE;
				CLANG_WARN_UNREACHABLE_CODE = YES;
				CLANG_WARN__DUPLICATE_METHOD_MATCH = YES;
				COPY_PHASE_STRIP = NO;
				DEBUG_INFORMATION_FORMAT = dwarf;
				ENABLE_STRICT_OBJC_MSGSEND = YES;
				ENABLE_TESTABILITY = YES;
				GCC_C_LANGUAGE_STANDARD = gnu11;
				GCC_DYNAMIC_NO_PIC = NO;
				GCC_NO_COMMON_BLOCKS = YES;
				GCC_OPTIMIZATION_LEVEL = 0;
				GCC_PREPROCESSOR_DEFINITIONS = (
					"DEBUG=1",
					"$(inherited)",
				);
				GCC_WARN_64_TO_32_BIT_CONVERSION = YES;
				GCC_WARN_ABOUT_RETURN_TYPE = YES_ERROR;
				GCC_WARN_UNDECLARED_SELECTOR = YES;
				GCC_WARN_UNINITIALIZED_AUTOS = YES_AGGRESSIVE;
				GCC_WARN_UNUSED_FUNCTION = YES;
				GCC_WARN_UNUSED_VARIABLE = YES;
				IPHONEOS_DEPLOYMENT_TARGET = 15.0;
				MTL_ENABLE_DEBUG_INFO = INCLUDE_SOURCE;
				MTL_FAST_MATH = YES;
				ONLY_ACTIVE_ARCH = YES;
				SDKROOT = iphoneos;
				SWIFT_ACTIVE_COMPILATION_CONDITIONS = DEBUG;
				SWIFT_OPTIMIZATION_LEVEL = "-Onone";
			};
			name = Debug;
		};
		9459CF0027552DBC0031E6F7 /* Release */ = {
			isa = XCBuildConfiguration;
			buildSettings = {
				ALWAYS_SEARCH_USER_PATHS = NO;
				CLANG_ANALYZER_NONNULL = YES;
				CLANG_ANALYZER_NUMBER_OBJECT_CONVERSION = YES_AGGRESSIVE;
				CLANG_CXX_LANGUAGE_STANDARD = "gnu++17";
				CLANG_CXX_LIBRARY = "libc++";
				CLANG_ENABLE_MODULES = YES;
				CLANG_ENABLE_OBJC_ARC = YES;
				CLANG_ENABLE_OBJC_WEAK = YES;
				CLANG_WARN_BLOCK_CAPTURE_AUTORELEASING = YES;
				CLANG_WARN_BOOL_CONVERSION = YES;
				CLANG_WARN_COMMA = YES;
				CLANG_WARN_CONSTANT_CONVERSION = YES;
				CLANG_WARN_DEPRECATED_OBJC_IMPLEMENTATIONS = YES;
				CLANG_WARN_DIRECT_OBJC_ISA_USAGE = YES_ERROR;
				CLANG_WARN_DOCUMENTATION_COMMENTS = YES;
				CLANG_WARN_EMPTY_BODY = YES;
				CLANG_WARN_ENUM_CONVERSION = YES;
				CLANG_WARN_INFINITE_RECURSION = YES;
				CLANG_WARN_INT_CONVERSION = YES;
				CLANG_WARN_NON_LITERAL_NULL_CONVERSION = YES;
				CLANG_WARN_OBJC_IMPLICIT_RETAIN_SELF = YES;
				CLANG_WARN_OBJC_LITERAL_CONVERSION = YES;
				CLANG_WARN_OBJC_ROOT_CLASS = YES_ERROR;
				CLANG_WARN_QUOTED_INCLUDE_IN_FRAMEWORK_HEADER = YES;
				CLANG_WARN_RANGE_LOOP_ANALYSIS = YES;
				CLANG_WARN_STRICT_PROTOTYPES = YES;
				CLANG_WARN_SUSPICIOUS_MOVE = YES;
				CLANG_WARN_UNGUARDED_AVAILABILITY = YES_AGGRESSIVE;
				CLANG_WARN_UNREACHABLE_CODE = YES;
				CLANG_WARN__DUPLICATE_METHOD_MATCH = YES;
				COPY_PHASE_STRIP = NO;
				DEBUG_INFORMATION_FORMAT = "dwarf-with-dsym";
				ENABLE_NS_ASSERTIONS = NO;
				ENABLE_STRICT_OBJC_MSGSEND = YES;
				GCC_C_LANGUAGE_STANDARD = gnu11;
				GCC_NO_COMMON_BLOCKS = YES;
				GCC_WARN_64_TO_32_BIT_CONVERSION = YES;
				GCC_WARN_ABOUT_RETURN_TYPE = YES_ERROR;
				GCC_WARN_UNDECLARED_SELECTOR = YES;
				GCC_WARN_UNINITIALIZED_AUTOS = YES_AGGRESSIVE;
				GCC_WARN_UNUSED_FUNCTION = YES;
				GCC_WARN_UNUSED_VARIABLE = YES;
				IPHONEOS_DEPLOYMENT_TARGET = 15.0;
				MTL_ENABLE_DEBUG_INFO = NO;
				MTL_FAST_MATH = YES;
				SDKROOT = iphoneos;
				SWIFT_COMPILATION_MODE = wholemodule;
				SWIFT_OPTIMIZATION_LEVEL = "-O";
				VALIDATE_PRODUCT = YES;
			};
			name = Release;
		};
		9459CF0227552DBC0031E6F7 /* Debug */ = {
			isa = XCBuildConfiguration;
			buildSettings = {
				ASSETCATALOG_COMPILER_APPICON_NAME = AppIcon;
				ASSETCATALOG_COMPILER_GLOBAL_ACCENT_COLOR_NAME = AccentColor;
				CODE_SIGN_STYLE = Automatic;
				CURRENT_PROJECT_VERSION = 1;
				DEVELOPMENT_ASSET_PATHS = "\"LegitGrails/Preview Content\"";
				DEVELOPMENT_TEAM = 5BC8W6JH5G;
				ENABLE_PREVIEWS = YES;
				GENERATE_INFOPLIST_FILE = YES;
				INFOPLIST_KEY_UIApplicationSceneManifest_Generation = YES;
				INFOPLIST_KEY_UIApplicationSupportsIndirectInputEvents = YES;
				INFOPLIST_KEY_UILaunchScreen_Generation = YES;
				INFOPLIST_KEY_UISupportedInterfaceOrientations_iPad = "UIInterfaceOrientationPortrait UIInterfaceOrientationPortraitUpsideDown UIInterfaceOrientationLandscapeLeft UIInterfaceOrientationLandscapeRight";
				INFOPLIST_KEY_UISupportedInterfaceOrientations_iPhone = "UIInterfaceOrientationPortrait UIInterfaceOrientationLandscapeLeft UIInterfaceOrientationLandscapeRight";
				IPHONEOS_DEPLOYMENT_TARGET = 14.0;
				LD_RUNPATH_SEARCH_PATHS = (
					"$(inherited)",
					"@executable_path/Frameworks",
				);
				MARKETING_VERSION = 1.0;
				PRODUCT_BUNDLE_IDENTIFIER = "georgii-polonskii.LegitGrails";
				PRODUCT_NAME = "$(TARGET_NAME)";
				SWIFT_EMIT_LOC_STRINGS = YES;
				SWIFT_VERSION = 5.0;
				TARGETED_DEVICE_FAMILY = "1,2";
			};
			name = Debug;
		};
		9459CF0327552DBC0031E6F7 /* Release */ = {
			isa = XCBuildConfiguration;
			buildSettings = {
				ASSETCATALOG_COMPILER_APPICON_NAME = AppIcon;
				ASSETCATALOG_COMPILER_GLOBAL_ACCENT_COLOR_NAME = AccentColor;
				CODE_SIGN_STYLE = Automatic;
				CURRENT_PROJECT_VERSION = 1;
				DEVELOPMENT_ASSET_PATHS = "\"LegitGrails/Preview Content\"";
				DEVELOPMENT_TEAM = 5BC8W6JH5G;
				ENABLE_PREVIEWS = YES;
				GENERATE_INFOPLIST_FILE = YES;
				INFOPLIST_KEY_UIApplicationSceneManifest_Generation = YES;
				INFOPLIST_KEY_UIApplicationSupportsIndirectInputEvents = YES;
				INFOPLIST_KEY_UILaunchScreen_Generation = YES;
				INFOPLIST_KEY_UISupportedInterfaceOrientations_iPad = "UIInterfaceOrientationPortrait UIInterfaceOrientationPortraitUpsideDown UIInterfaceOrientationLandscapeLeft UIInterfaceOrientationLandscapeRight";
				INFOPLIST_KEY_UISupportedInterfaceOrientations_iPhone = "UIInterfaceOrientationPortrait UIInterfaceOrientationLandscapeLeft UIInterfaceOrientationLandscapeRight";
				IPHONEOS_DEPLOYMENT_TARGET = 14.0;
				LD_RUNPATH_SEARCH_PATHS = (
					"$(inherited)",
					"@executable_path/Frameworks",
				);
				MARKETING_VERSION = 1.0;
				PRODUCT_BUNDLE_IDENTIFIER = "georgii-polonskii.LegitGrails";
				PRODUCT_NAME = "$(TARGET_NAME)";
				SWIFT_EMIT_LOC_STRINGS = YES;
				SWIFT_VERSION = 5.0;
				TARGETED_DEVICE_FAMILY = "1,2";
			};
			name = Release;
		};
		9459CF0527552DBC0031E6F7 /* Debug */ = {
			isa = XCBuildConfiguration;
			buildSettings = {
				ALWAYS_EMBED_SWIFT_STANDARD_LIBRARIES = YES;
				BUNDLE_LOADER = "$(TEST_HOST)";
				CODE_SIGN_STYLE = Automatic;
				CURRENT_PROJECT_VERSION = 1;
				DEVELOPMENT_TEAM = 5BC8W6JH5G;
				GENERATE_INFOPLIST_FILE = YES;
				IPHONEOS_DEPLOYMENT_TARGET = 14.0;
				LD_RUNPATH_SEARCH_PATHS = (
					"$(inherited)",
					"@executable_path/Frameworks",
					"@loader_path/Frameworks",
				);
				MARKETING_VERSION = 1.0;
				PRODUCT_BUNDLE_IDENTIFIER = "georgii-polonskii.LegitGrailsTests";
				PRODUCT_NAME = "$(TARGET_NAME)";
				SWIFT_EMIT_LOC_STRINGS = NO;
				SWIFT_VERSION = 5.0;
				TARGETED_DEVICE_FAMILY = "1,2";
				TEST_HOST = "$(BUILT_PRODUCTS_DIR)/LegitGrails.app/LegitGrails";
			};
			name = Debug;
		};
		9459CF0627552DBC0031E6F7 /* Release */ = {
			isa = XCBuildConfiguration;
			buildSettings = {
				ALWAYS_EMBED_SWIFT_STANDARD_LIBRARIES = YES;
				BUNDLE_LOADER = "$(TEST_HOST)";
				CODE_SIGN_STYLE = Automatic;
				CURRENT_PROJECT_VERSION = 1;
				DEVELOPMENT_TEAM = 5BC8W6JH5G;
				GENERATE_INFOPLIST_FILE = YES;
				IPHONEOS_DEPLOYMENT_TARGET = 14.0;
				LD_RUNPATH_SEARCH_PATHS = (
					"$(inherited)",
					"@executable_path/Frameworks",
					"@loader_path/Frameworks",
				);
				MARKETING_VERSION = 1.0;
				PRODUCT_BUNDLE_IDENTIFIER = "georgii-polonskii.LegitGrailsTests";
				PRODUCT_NAME = "$(TARGET_NAME)";
				SWIFT_EMIT_LOC_STRINGS = NO;
				SWIFT_VERSION = 5.0;
				TARGETED_DEVICE_FAMILY = "1,2";
				TEST_HOST = "$(BUILT_PRODUCTS_DIR)/LegitGrails.app/LegitGrails";
			};
			name = Release;
		};
		9459CF0827552DBC0031E6F7 /* Debug */ = {
			isa = XCBuildConfiguration;
			buildSettings = {
				ALWAYS_EMBED_SWIFT_STANDARD_LIBRARIES = YES;
				CODE_SIGN_STYLE = Automatic;
				CURRENT_PROJECT_VERSION = 1;
				DEVELOPMENT_TEAM = 5BC8W6JH5G;
				GENERATE_INFOPLIST_FILE = YES;
				LD_RUNPATH_SEARCH_PATHS = (
					"$(inherited)",
					"@executable_path/Frameworks",
					"@loader_path/Frameworks",
				);
				MARKETING_VERSION = 1.0;
				PRODUCT_BUNDLE_IDENTIFIER = "georgii-polonskii.LegitGrailsUITests";
				PRODUCT_NAME = "$(TARGET_NAME)";
				SWIFT_EMIT_LOC_STRINGS = NO;
				SWIFT_VERSION = 5.0;
				TARGETED_DEVICE_FAMILY = "1,2";
				TEST_TARGET_NAME = LegitGrails;
			};
			name = Debug;
		};
		9459CF0927552DBC0031E6F7 /* Release */ = {
			isa = XCBuildConfiguration;
			buildSettings = {
				ALWAYS_EMBED_SWIFT_STANDARD_LIBRARIES = YES;
				CODE_SIGN_STYLE = Automatic;
				CURRENT_PROJECT_VERSION = 1;
				DEVELOPMENT_TEAM = 5BC8W6JH5G;
				GENERATE_INFOPLIST_FILE = YES;
				LD_RUNPATH_SEARCH_PATHS = (
					"$(inherited)",
					"@executable_path/Frameworks",
					"@loader_path/Frameworks",
				);
				MARKETING_VERSION = 1.0;
				PRODUCT_BUNDLE_IDENTIFIER = "georgii-polonskii.LegitGrailsUITests";
				PRODUCT_NAME = "$(TARGET_NAME)";
				SWIFT_EMIT_LOC_STRINGS = NO;
				SWIFT_VERSION = 5.0;
				TARGETED_DEVICE_FAMILY = "1,2";
				TEST_TARGET_NAME = LegitGrails;
			};
			name = Release;
		};
/* End XCBuildConfiguration section */

/* Begin XCConfigurationList section */
		9459CED827552DBC0031E6F7 /* Build configuration list for PBXProject "LegitGrails" */ = {
			isa = XCConfigurationList;
			buildConfigurations = (
				9459CEFF27552DBC0031E6F7 /* Debug */,
				9459CF0027552DBC0031E6F7 /* Release */,
			);
			defaultConfigurationIsVisible = 0;
			defaultConfigurationName = Release;
		};
		9459CF0127552DBC0031E6F7 /* Build configuration list for PBXNativeTarget "LegitGrails" */ = {
			isa = XCConfigurationList;
			buildConfigurations = (
				9459CF0227552DBC0031E6F7 /* Debug */,
				9459CF0327552DBC0031E6F7 /* Release */,
			);
			defaultConfigurationIsVisible = 0;
			defaultConfigurationName = Release;
		};
		9459CF0427552DBC0031E6F7 /* Build configuration list for PBXNativeTarget "LegitGrailsTests" */ = {
			isa = XCConfigurationList;
			buildConfigurations = (
				9459CF0527552DBC0031E6F7 /* Debug */,
				9459CF0627552DBC0031E6F7 /* Release */,
			);
			defaultConfigurationIsVisible = 0;
			defaultConfigurationName = Release;
		};
		9459CF0727552DBC0031E6F7 /* Build configuration list for PBXNativeTarget "LegitGrailsUITests" */ = {
			isa = XCConfigurationList;
			buildConfigurations = (
				9459CF0827552DBC0031E6F7 /* Debug */,
				9459CF0927552DBC0031E6F7 /* Release */,
			);
			defaultConfigurationIsVisible = 0;
			defaultConfigurationName = Release;
		};
/* End XCConfigurationList section */

/* Begin XCRemoteSwiftPackageReference section */
		9459CF3227556EBA0031E6F7 /* XCRemoteSwiftPackageReference "SPAlert" */ = {
			isa = XCRemoteSwiftPackageReference;
			repositoryURL = "https://github.com/ivanvorobei/SPAlert";
			requirement = {
				branch = main;
				kind = branch;
			};
		};
		9459CF372755976B0031E6F7 /* XCRemoteSwiftPackageReference "swift-focuser" */ = {
			isa = XCRemoteSwiftPackageReference;
			repositoryURL = "git@github.com:art-technologies/swift-focuser.git";
			requirement = {
				kind = upToNextMajorVersion;
				minimumVersion = 0.2.0;
			};
		};
/* End XCRemoteSwiftPackageReference section */

/* Begin XCSwiftPackageProductDependency section */
		9459CF3327556EBA0031E6F7 /* SPAlert */ = {
			isa = XCSwiftPackageProductDependency;
			package = 9459CF3227556EBA0031E6F7 /* XCRemoteSwiftPackageReference "SPAlert" */;
			productName = SPAlert;
		};
		9459CF382755976B0031E6F7 /* Focuser */ = {
			isa = XCSwiftPackageProductDependency;
			package = 9459CF372755976B0031E6F7 /* XCRemoteSwiftPackageReference "swift-focuser" */;
			productName = Focuser;
		};
/* End XCSwiftPackageProductDependency section */
	};
	rootObject = 9459CED527552DBC0031E6F7 /* Project object */;
}
